
Microsoft Visual Studio Solution File, Format Version 12.00
# Visual Studio Version 17
VisualStudioVersion = 17.14.37614.0 d17.14
MinimumVisualStudioVersion = 10.0.40219.1
Project("{FAE04EC0-301F-11D3-BF4B-00C04F79EFBC}") = "Ghosts_FoV_Changer", "Ghosts_FoV_Changer\Ghosts_FoV_Changer.csproj", "{99358473-C75A-447E-9FE4-CBC462BD2A16}"
EndProject
Global
	GlobalSection(SolutionConfigurationPlatforms) = preSolution
		Debug|x64 = Debug|x64
		Release|x64 = Release|x64
	EndGlobalSection
	GlobalSection(ProjectConfigurationPlatforms) = postSolution
		{99358473-C75A-447E-9FE4-CBC462BD2A16}.Debug|x64.ActiveCfg = Debug|x64
		{99358473-C75A-447E-9FE4-CBC462BD2A16}.Debug|x64.Build.0 = Debug|x64
		{99358473-C75A-447E-9FE4-CBC462BD2A16}.Release|x64.ActiveCfg = Release|x64
		{99358473-C75A-447E-9FE4-CBC462BD2A16}.Release|x64.Build.0 = Release|x64
	EndGlobalSection
	GlobalSection(SolutionProperties) = preSolution
		HideSolutionNode = FALSE
	EndGlobalSection
EndGlobal
